
Microsoft Visual Studio Solution File, Format Version 12.00
Project("{FAE04EC0-301F-11D3-BF4B-00C04F79EFBC}") = "MinimumJumps", "MinimumJumps\MinimumJumps.csproj", "{AFBAD21F-6CEF-4D36-B972-BAF51A4669FD}"
EndProject
Global
	GlobalSection(SolutionConfigurationPlatforms) = preSolution
		Debug|Any CPU = Debug|Any CPU
		Release|Any CPU = Release|Any CPU
	EndGlobalSection
	GlobalSection(ProjectConfigurationPlatforms) = postSolution
		{AFBAD21F-6CEF-4D36-B972-BAF51A4669FD}.Debug|Any CPU.ActiveCfg = Debug|Any CPU
		{AFBAD21F-6CEF-4D36-B972-BAF51A4669FD}.Debug|Any CPU.Build.0 = Debug|Any CPU
		{AFBAD21F-6CEF-4D36-B972-BAF51A4669FD}.Release|Any CPU.ActiveCfg = Release|Any CPU
		{AFBAD21F-6CEF-4D36-B972-BAF51A4669FD}.Release|Any CPU.Build.0 = Release|Any CPU
	EndGlobalSection
EndGlobal
