Microsoft Visual Studio Solution File, Format Version 12.00
# Visual Studio Version 17
VisualStudioVersion = 17.5.2.0
MinimumVisualStudioVersion = 10.0.40219.1
Project("{FAE04EC0-301F-11D3-BF4B-00C04F79EFBC}") = "KnightWalk", "KnightWalk.csproj", "{6E69BC2B-2318-CB51-3DB3-5A5DD7222EAD}"
EndProject
Global
	GlobalSection(SolutionConfigurationPlatforms) = preSolution
		Debug|Any CPU = Debug|Any CPU
		Release|Any CPU = Release|Any CPU
	EndGlobalSection
	GlobalSection(ProjectConfigurationPlatforms) = postSolution
		{6E69BC2B-2318-CB51-3DB3-5A5DD7222EAD}.Debug|Any CPU.ActiveCfg = Debug|Any CPU
		{6E69BC2B-2318-CB51-3DB3-5A5DD7222EAD}.Debug|Any CPU.Build.0 = Debug|Any CPU
		{6E69BC2B-2318-CB51-3DB3-5A5DD7222EAD}.Release|Any CPU.ActiveCfg = Release|Any CPU
		{6E69BC2B-2318-CB51-3DB3-5A5DD7222EAD}.Release|Any CPU.Build.0 = Release|Any CPU
	EndGlobalSection
	GlobalSection(SolutionProperties) = preSolution
		HideSolutionNode = FALSE
	EndGlobalSection
	GlobalSection(ExtensibilityGlobals) = postSolution
		SolutionGuid = {D1E09B37-CAAE-4C61-B57F-7288C40CB00A}
	EndGlobalSection
EndGlobal
